
Microsoft Visual Studio Solution File, Format Version 12.00
# Visual Studio Version 17
VisualStudioVersion = 17.9.34902.65
MinimumVisualStudioVersion = 10.0.40219.1
Project("{FAE04EC0-301F-11D3-BF4B-00C04F79EFBC}") = "Bai49", "Bai49.csproj", "{68694CB2-A247-4AC4-9290-05C00196A86F}"
EndProject
Global
	GlobalSection(SolutionConfigurationPlatforms) = preSolution
		Debug|Any CPU = Debug|Any CPU
		Release|Any CPU = Release|Any CPU
	EndGlobalSection
	GlobalSection(ProjectConfigurationPlatforms) = postSolution
		{68694CB2-A247-4AC4-9290-05C00196A86F}.Debug|Any CPU.ActiveCfg = Debug|Any CPU
		{68694CB2-A247-4AC4-9290-05C00196A86F}.Debug|Any CPU.Build.0 = Debug|Any CPU
		{68694CB2-A247-4AC4-9290-05C00196A86F}.Release|Any CPU.ActiveCfg = Release|Any CPU
		{68694CB2-A247-4AC4-9290-05C00196A86F}.Release|Any CPU.Build.0 = Release|Any CPU
	EndGlobalSection
	GlobalSection(SolutionProperties) = preSolution
		HideSolutionNode = FALSE
	EndGlobalSection
	GlobalSection(ExtensibilityGlobals) = postSolution
		SolutionGuid = {AC7D29E8-1446-49D8-9C61-AA3C77366DE2}
	EndGlobalSection
EndGlobal
